
Microsoft Visual Studio Solution File, Format Version 12.00
# Visual Studio Version 16
VisualStudioVersion = 16.0.31205.134
MinimumVisualStudioVersion = 10.0.40219.1
Project("{2150E333-8FDC-42A3-9474-1A3956D46DE8}") = "BuilderTools", "BuilderTools", "{DE686AAD-9626-4090-99B1-64861EECDE8B}"
EndProject
Project("{9A19103F-16F7-4668-BE54-9A1E7A4F7556}") = "TestingBuilderTool", "TestingBuilderTool\TestingBuilderTool.csproj", "{E7E9BE30-A17E-4454-B22E-132B891793F7}"
EndProject
Project("{9A19103F-16F7-4668-BE54-9A1E7A4F7556}") = "TestingBuilderLibrary", "TestingBuilderLibrary\TestingBuilderLibrary.csproj", "{4385A7CA-F41B-4DE8-A0D5-659A301CDD6D}"
EndProject
Project("{2150E333-8FDC-42A3-9474-1A3956D46DE8}") = "FixtureSetup", "FixtureSetup", "{1B9500C7-3FCB-4BCD-8799-3FA5F2DFDCC5}"
EndProject
Project("{FAE04EC0-301F-11D3-BF4B-00C04F79EFBC}") = "FixtureSetupDemo", "FixtureSetupDemo\FixtureSetupDemo.csproj", "{4248DEBA-36A6-45D8-83E7-10DF554F2A3C}"
EndProject
Global
	GlobalSection(SolutionConfigurationPlatforms) = preSolution
		Debug|Any CPU = Debug|Any CPU
		Release|Any CPU = Release|Any CPU
	EndGlobalSection
	GlobalSection(ProjectConfigurationPlatforms) = postSolution
		{E7E9BE30-A17E-4454-B22E-132B891793F7}.Debug|Any CPU.ActiveCfg = Debug|Any CPU
		{E7E9BE30-A17E-4454-B22E-132B891793F7}.Debug|Any CPU.Build.0 = Debug|Any CPU
		{E7E9BE30-A17E-4454-B22E-132B891793F7}.Release|Any CPU.ActiveCfg = Release|Any CPU
		{E7E9BE30-A17E-4454-B22E-132B891793F7}.Release|Any CPU.Build.0 = Release|Any CPU
		{4385A7CA-F41B-4DE8-A0D5-659A301CDD6D}.Debug|Any CPU.ActiveCfg = Debug|Any CPU
		{4385A7CA-F41B-4DE8-A0D5-659A301CDD6D}.Debug|Any CPU.Build.0 = Debug|Any CPU
		{4385A7CA-F41B-4DE8-A0D5-659A301CDD6D}.Release|Any CPU.ActiveCfg = Release|Any CPU
		{4385A7CA-F41B-4DE8-A0D5-659A301CDD6D}.Release|Any CPU.Build.0 = Release|Any CPU
		{4248DEBA-36A6-45D8-83E7-10DF554F2A3C}.Debug|Any CPU.ActiveCfg = Debug|Any CPU
		{4248DEBA-36A6-45D8-83E7-10DF554F2A3C}.Debug|Any CPU.Build.0 = Debug|Any CPU
		{4248DEBA-36A6-45D8-83E7-10DF554F2A3C}.Release|Any CPU.ActiveCfg = Release|Any CPU
		{4248DEBA-36A6-45D8-83E7-10DF554F2A3C}.Release|Any CPU.Build.0 = Release|Any CPU
	EndGlobalSection
	GlobalSection(SolutionProperties) = preSolution
		HideSolutionNode = FALSE
	EndGlobalSection
	GlobalSection(NestedProjects) = preSolution
		{E7E9BE30-A17E-4454-B22E-132B891793F7} = {DE686AAD-9626-4090-99B1-64861EECDE8B}
		{4385A7CA-F41B-4DE8-A0D5-659A301CDD6D} = {DE686AAD-9626-4090-99B1-64861EECDE8B}
		{4248DEBA-36A6-45D8-83E7-10DF554F2A3C} = {1B9500C7-3FCB-4BCD-8799-3FA5F2DFDCC5}
	EndGlobalSection
	GlobalSection(ExtensibilityGlobals) = postSolution
		SolutionGuid = {BCE95709-25DD-4ED7-8B33-9FD5AD12255D}
	EndGlobalSection
EndGlobal
